
Microsoft Visual Studio Solution File, Format Version 12.00
# Visual Studio Version 17
VisualStudioVersion = 17.5.33424.131
MinimumVisualStudioVersion = 10.0.40219.1
Project("{8BC9CEB8-8B4A-11D0-8D11-00A0C91BC942}") = "BAEKJOON_step2-1", "BAEKJOON_step2.vcxproj", "{A1783A89-E352-4C50-ACAC-159A66C09DBB}"
EndProject
Project("{8BC9CEB8-8B4A-11D0-8D11-00A0C91BC942}") = "BAEKJOON_step2-2", "..\BAEKJOON_step2-2\BAEKJOON_step2-2.vcxproj", "{0B759C46-3FE8-4430-A51B-994C895FB0E6}"
EndProject
Project("{8BC9CEB8-8B4A-11D0-8D11-00A0C91BC942}") = "BAEKJOON_step2-3", "..\BAEKJOON_step2-3\BAEKJOON_step2-3.vcxproj", "{C51ABF7A-63AA-43EE-8295-40E59EFA78B1}"
EndProject
Project("{8BC9CEB8-8B4A-11D0-8D11-00A0C91BC942}") = "BAEKJOON_step2-4", "..\BAEKJOON_step2-4\BAEKJOON_step2-4.vcxproj", "{F5AC678B-AD1B-49F7-8C04-A8975CB6C5D4}"
EndProject
Project("{8BC9CEB8-8B4A-11D0-8D11-00A0C91BC942}") = "BAEKJOON_step2-5", "..\BAEKJOON_step2-5\BAEKJOON_step2-5.vcxproj", "{E311E9D6-045D-47B6-9252-3E3D34A4F616}"
EndProject
Project("{8BC9CEB8-8B4A-11D0-8D11-00A0C91BC942}") = "BAEKJOON_step2-6", "..\BAEKJOON_step2-6\BAEKJOON_step2-6.vcxproj", "{5CF44699-9EB9-48E6-B832-04B4025D5C47}"
EndProject
Project("{8BC9CEB8-8B4A-11D0-8D11-00A0C91BC942}") = "BAEKJOON_step2-7", "..\BAEKJOON_step2-7\BAEKJOON_step2-7.vcxproj", "{89AD8A82-D992-47A9-9D2E-66505E02F34F}"
EndProject
Global
	GlobalSection(SolutionConfigurationPlatforms) = preSolution
		Debug|x64 = Debug|x64
		Debug|x86 = Debug|x86
		Release|x64 = Release|x64
		Release|x86 = Release|x86
	EndGlobalSection
	GlobalSection(ProjectConfigurationPlatforms) = postSolution
		{A1783A89-E352-4C50-ACAC-159A66C09DBB}.Debug|x64.ActiveCfg = Debug|x64
		{A1783A89-E352-4C50-ACAC-159A66C09DBB}.Debug|x64.Build.0 = Debug|x64
		{A1783A89-E352-4C50-ACAC-159A66C09DBB}.Debug|x86.ActiveCfg = Debug|Win32
		{A1783A89-E352-4C50-ACAC-159A66C09DBB}.Debug|x86.Build.0 = Debug|Win32
		{A1783A89-E352-4C50-ACAC-159A66C09DBB}.Release|x64.ActiveCfg = Release|x64
		{A1783A89-E352-4C50-ACAC-159A66C09DBB}.Release|x64.Build.0 = Release|x64
		{A1783A89-E352-4C50-ACAC-159A66C09DBB}.Release|x86.ActiveCfg = Release|Win32
		{A1783A89-E352-4C50-ACAC-159A66C09DBB}.Release|x86.Build.0 = Release|Win32
		{0B759C46-3FE8-4430-A51B-994C895FB0E6}.Debug|x64.ActiveCfg = Debug|x64
		{0B759C46-3FE8-4430-A51B-994C895FB0E6}.Debug|x64.Build.0 = Debug|x64
		{0B759C46-3FE8-4430-A51B-994C895FB0E6}.Debug|x86.ActiveCfg = Debug|Win32
		{0B759C46-3FE8-4430-A51B-994C895FB0E6}.Debug|x86.Build.0 = Debug|Win32
		{0B759C46-3FE8-4430-A51B-994C895FB0E6}.Release|x64.ActiveCfg = Release|x64
		{0B759C46-3FE8-4430-A51B-994C895FB0E6}.Release|x64.Build.0 = Release|x64
		{0B759C46-3FE8-4430-A51B-994C895FB0E6}.Release|x86.ActiveCfg = Release|Win32
		{0B759C46-3FE8-4430-A51B-994C895FB0E6}.Release|x86.Build.0 = Release|Win32
		{C51ABF7A-63AA-43EE-8295-40E59EFA78B1}.Debug|x64.ActiveCfg = Debug|x64
		{C51ABF7A-63AA-43EE-8295-40E59EFA78B1}.Debug|x64.Build.0 = Debug|x64
		{C51ABF7A-63AA-43EE-8295-40E59EFA78B1}.Debug|x86.ActiveCfg = Debug|Win32
		{C51ABF7A-63AA-43EE-8295-40E59EFA78B1}.Debug|x86.Build.0 = Debug|Win32
		{C51ABF7A-63AA-43EE-8295-40E59EFA78B1}.Release|x64.ActiveCfg = Release|x64
		{C51ABF7A-63AA-43EE-8295-40E59EFA78B1}.Release|x64.Build.0 = Release|x64
		{C51ABF7A-63AA-43EE-8295-40E59EFA78B1}.Release|x86.ActiveCfg = Release|Win32
		{C51ABF7A-63AA-43EE-8295-40E59EFA78B1}.Release|x86.Build.0 = Release|Win32
		{F5AC678B-AD1B-49F7-8C04-A8975CB6C5D4}.Debug|x64.ActiveCfg = Debug|x64
		{F5AC678B-AD1B-49F7-8C04-A8975CB6C5D4}.Debug|x64.Build.0 = Debug|x64
		{F5AC678B-AD1B-49F7-8C04-A8975CB6C5D4}.Debug|x86.ActiveCfg = Debug|Win32
		{F5AC678B-AD1B-49F7-8C04-A8975CB6C5D4}.Debug|x86.Build.0 = Debug|Win32
		{F5AC678B-AD1B-49F7-8C04-A8975CB6C5D4}.Release|x64.ActiveCfg = Release|x64
		{F5AC678B-AD1B-49F7-8C04-A8975CB6C5D4}.Release|x64.Build.0 = Release|x64
		{F5AC678B-AD1B-49F7-8C04-A8975CB6C5D4}.Release|x86.ActiveCfg = Release|Win32
		{F5AC678B-AD1B-49F7-8C04-A8975CB6C5D4}.Release|x86.Build.0 = Release|Win32
		{E311E9D6-045D-47B6-9252-3E3D34A4F616}.Debug|x64.ActiveCfg = Debug|x64
		{E311E9D6-045D-47B6-9252-3E3D34A4F616}.Debug|x64.Build.0 = Debug|x64
		{E311E9D6-045D-47B6-9252-3E3D34A4F616}.Debug|x86.ActiveCfg = Debug|Win32
		{E311E9D6-045D-47B6-9252-3E3D34A4F616}.Debug|x86.Build.0 = Debug|Win32
		{E311E9D6-045D-47B6-9252-3E3D34A4F616}.Release|x64.ActiveCfg = Release|x64
		{E311E9D6-045D-47B6-9252-3E3D34A4F616}.Release|x64.Build.0 = Release|x64
		{E311E9D6-045D-47B6-9252-3E3D34A4F616}.Release|x86.ActiveCfg = Release|Win32
		{E311E9D6-045D-47B6-9252-3E3D34A4F616}.Release|x86.Build.0 = Release|Win32
		{5CF44699-9EB9-48E6-B832-04B4025D5C47}.Debug|x64.ActiveCfg = Debug|x64
		{5CF44699-9EB9-48E6-B832-04B4025D5C47}.Debug|x64.Build.0 = Debug|x64
		{5CF44699-9EB9-48E6-B832-04B4025D5C47}.Debug|x86.ActiveCfg = Debug|Win32
		{5CF44699-9EB9-48E6-B832-04B4025D5C47}.Debug|x86.Build.0 = Debug|Win32
		{5CF44699-9EB9-48E6-B832-04B4025D5C47}.Release|x64.ActiveCfg = Release|x64
		{5CF44699-9EB9-48E6-B832-04B4025D5C47}.Release|x64.Build.0 = Release|x64
		{5CF44699-9EB9-48E6-B832-04B4025D5C47}.Release|x86.ActiveCfg = Release|Win32
		{5CF44699-9EB9-48E6-B832-04B4025D5C47}.Release|x86.Build.0 = Release|Win32
		{89AD8A82-D992-47A9-9D2E-66505E02F34F}.Debug|x64.ActiveCfg = Debug|x64
		{89AD8A82-D992-47A9-9D2E-66505E02F34F}.Debug|x64.Build.0 = Debug|x64
		{89AD8A82-D992-47A9-9D2E-66505E02F34F}.Debug|x86.ActiveCfg = Debug|Win32
		{89AD8A82-D992-47A9-9D2E-66505E02F34F}.Debug|x86.Build.0 = Debug|Win32
		{89AD8A82-D992-47A9-9D2E-66505E02F34F}.Release|x64.ActiveCfg = Release|x64
		{89AD8A82-D992-47A9-9D2E-66505E02F34F}.Release|x64.Build.0 = Release|x64
		{89AD8A82-D992-47A9-9D2E-66505E02F34F}.Release|x86.ActiveCfg = Release|Win32
		{89AD8A82-D992-47A9-9D2E-66505E02F34F}.Release|x86.Build.0 = Release|Win32
	EndGlobalSection
	GlobalSection(SolutionProperties) = preSolution
		HideSolutionNode = FALSE
	EndGlobalSection
	GlobalSection(ExtensibilityGlobals) = postSolution
		SolutionGuid = {9A3E01F1-5B98-491B-BAF8-E87869CC94B3}
	EndGlobalSection
EndGlobal
